// !$*UTF8*$!
{
	archiveVersion = 1;
	classes = {
	};
	objectVersion = 50;
	objects = {

/* Begin PBXBuildFile section */
		D717D298264C166A008D8909 /* AddNewItem.swift in Sources */ = {isa = PBXBuildFile; fileRef = D717D297264C166A008D8909 /* AddNewItem.swift */; };
		D717D29D264C4771008D8909 /* ChartView.swift in Sources */ = {isa = PBXBuildFile; fileRef = D717D29C264C4771008D8909 /* ChartView.swift */; };
		D717D2B0264C4A27008D8909 /* SubscriptionCell.swift in Sources */ = {isa = PBXBuildFile; fileRef = D717D2AF264C4A27008D8909 /* SubscriptionCell.swift */; };
		D717D2B5264C4BB0008D8909 /* WelcomeView.swift in Sources */ = {isa = PBXBuildFile; fileRef = D717D2B4264C4BB0008D8909 /* WelcomeView.swift */; };
		D717D2BD264C6C38008D8909 /* Data.swift in Sources */ = {isa = PBXBuildFile; fileRef = D717D2BC264C6C38008D8909 /* Data.swift */; };
		D7982B5B2646DE97002BB44E /* AppDelegate.swift in Sources */ = {isa = PBXBuildFile; fileRef = D7982B5A2646DE97002BB44E /* AppDelegate.swift */; };
		D7982B5D2646DE97002BB44E /* SceneDelegate.swift in Sources */ = {isa = PBXBuildFile; fileRef = D7982B5C2646DE97002BB44E /* SceneDelegate.swift */; };
		D7982B622646DE97002BB44E /* Main.storyboard in Resources */ = {isa = PBXBuildFile; fileRef = D7982B602646DE97002BB44E /* Main.storyboard */; };
		D7982B652646DE97002BB44E /* Shibaa.xcdatamodeld in Sources */ = {isa = PBXBuildFile; fileRef = D7982B632646DE97002BB44E /* Shibaa.xcdatamodeld */; };
		D7982B672646DE98002BB44E /* Assets.xcassets in Resources */ = {isa = PBXBuildFile; fileRef = D7982B662646DE98002BB44E /* Assets.xcassets */; };
		D7982B6A2646DE98002BB44E /* LaunchScreen.storyboard in Resources */ = {isa = PBXBuildFile; fileRef = D7982B682646DE98002BB44E /* LaunchScreen.storyboard */; };
		D7982B752646DE98002BB44E /* ShibaaTests.swift in Sources */ = {isa = PBXBuildFile; fileRef = D7982B742646DE98002BB44E /* ShibaaTests.swift */; };
		D7982B802646DE98002BB44E /* ShibaaUITests.swift in Sources */ = {isa = PBXBuildFile; fileRef = D7982B7F2646DE98002BB44E /* ShibaaUITests.swift */; };
		D7982B992646DF45002BB44E /* MainView.swift in Sources */ = {isa = PBXBuildFile; fileRef = D7982B982646DF45002BB44E /* MainView.swift */; };
/* End PBXBuildFile section */

/* Begin PBXContainerItemProxy section */
		D7982B712646DE98002BB44E /* PBXContainerItemProxy */ = {
			isa = PBXContainerItemProxy;
			containerPortal = D7982B4F2646DE97002BB44E /* Project object */;
			proxyType = 1;
			remoteGlobalIDString = D7982B562646DE97002BB44E;
			remoteInfo = Shibaa;
		};
		D7982B7C2646DE98002BB44E /* PBXContainerItemProxy */ = {
			isa = PBXContainerItemProxy;
			containerPortal = D7982B4F2646DE97002BB44E /* Project object */;
			proxyType = 1;
			remoteGlobalIDString = D7982B562646DE97002BB44E;
			remoteInfo = Shibaa;
		};
/* End PBXContainerItemProxy section */

/* Begin PBXFileReference section */
		D717D297264C166A008D8909 /* AddNewItem.swift */ = {isa = PBXFileReference; lastKnownFileType = sourcecode.swift; path = AddNewItem.swift; sourceTree = "<group>"; };
		D717D29C264C4771008D8909 /* ChartView.swift */ = {isa = PBXFileReference; lastKnownFileType = sourcecode.swift; path = ChartView.swift; sourceTree = "<group>"; };
		D717D2AF264C4A27008D8909 /* SubscriptionCell.swift */ = {isa = PBXFileReference; lastKnownFileType = sourcecode.swift; path = SubscriptionCell.swift; sourceTree = "<group>"; };
		D717D2B4264C4BB0008D8909 /* WelcomeView.swift */ = {isa = PBXFileReference; lastKnownFileType = sourcecode.swift; path = WelcomeView.swift; sourceTree = "<group>"; };
		D717D2BC264C6C38008D8909 /* Data.swift */ = {isa = PBXFileReference; lastKnownFileType = sourcecode.swift; path = Data.swift; sourceTree = "<group>"; };
		D7982B572646DE97002BB44E /* Shibaa.app */ = {isa = PBXFileReference; explicitFileType = wrapper.application; includeInIndex = 0; path = Shibaa.app; sourceTree = BUILT_PRODUCTS_DIR; };
		D7982B5A2646DE97002BB44E /* AppDelegate.swift */ = {isa = PBXFileReference; lastKnownFileType = sourcecode.swift; path = AppDelegate.swift; sourceTree = "<group>"; };
		D7982B5C2646DE97002BB44E /* SceneDelegate.swift */ = {isa = PBXFileReference; lastKnownFileType = sourcecode.swift; path = SceneDelegate.swift; sourceTree = "<group>"; };
		D7982B612646DE97002BB44E /* Base */ = {isa = PBXFileReference; lastKnownFileType = file.storyboard; name = Base; path = Base.lproj/Main.storyboard; sourceTree = "<group>"; };
		D7982B642646DE97002BB44E /* Shibaa.xcdatamodel */ = {isa = PBXFileReference; lastKnownFileType = wrapper.xcdatamodel; path = Shibaa.xcdatamodel; sourceTree = "<group>"; };
		D7982B662646DE98002BB44E /* Assets.xcassets */ = {isa = PBXFileReference; lastKnownFileType = folder.assetcatalog; path = Assets.xcassets; sourceTree = "<group>"; };
		D7982B692646DE98002BB44E /* Base */ = {isa = PBXFileReference; lastKnownFileType = file.storyboard; name = Base; path = Base.lproj/LaunchScreen.storyboard; sourceTree = "<group>"; };
		D7982B6B2646DE98002BB44E /* Info.plist */ = {isa = PBXFileReference; lastKnownFileType = text.plist.xml; path = Info.plist; sourceTree = "<group>"; };
		D7982B702646DE98002BB44E /* ShibaaTests.xctest */ = {isa = PBXFileReference; explicitFileType = wrapper.cfbundle; includeInIndex = 0; path = ShibaaTests.xctest; sourceTree = BUILT_PRODUCTS_DIR; };
		D7982B742646DE98002BB44E /* ShibaaTests.swift */ = {isa = PBXFileReference; lastKnownFileType = sourcecode.swift; path = ShibaaTests.swift; sourceTree = "<group>"; };
		D7982B762646DE98002BB44E /* Info.plist */ = {isa = PBXFileReference; lastKnownFileType = text.plist.xml; path = Info.plist; sourceTree = "<group>"; };
		D7982B7B2646DE98002BB44E /* ShibaaUITests.xctest */ = {isa = PBXFileReference; explicitFileType = wrapper.cfbundle; includeInIndex = 0; path = ShibaaUITests.xctest; sourceTree = BUILT_PRODUCTS_DIR; };
		D7982B7F2646DE98002BB44E /* ShibaaUITests.swift */ = {isa = PBXFileReference; lastKnownFileType = sourcecode.swift; path = ShibaaUITests.swift; sourceTree = "<group>"; };
		D7982B812646DE98002BB44E /* Info.plist */ = {isa = PBXFileReference; lastKnownFileType = text.plist.xml; path = Info.plist; sourceTree = "<group>"; };
		D7982B982646DF45002BB44E /* MainView.swift */ = {isa = PBXFileReference; lastKnownFileType = sourcecode.swift; path = MainView.swift; sourceTree = "<group>"; };
/* End PBXFileReference section */

/* Begin PBXFrameworksBuildPhase section */
		D7982B542646DE97002BB44E /* Frameworks */ = {
			isa = PBXFrameworksBuildPhase;
			buildActionMask = 2147483647;
			files = (
			);
			runOnlyForDeploymentPostprocessing = 0;
		};
		D7982B6D2646DE98002BB44E /* Frameworks */ = {
			isa = PBXFrameworksBuildPhase;
			buildActionMask = 2147483647;
			files = (
			);
			runOnlyForDeploymentPostprocessing = 0;
		};
		D7982B782646DE98002BB44E /* Frameworks */ = {
			isa = PBXFrameworksBuildPhase;
			buildActionMask = 2147483647;
			files = (
			);
			runOnlyForDeploymentPostprocessing = 0;
		};
/* End PBXFrameworksBuildPhase section */

/* Begin PBXGroup section */
		D7982B4E2646DE97002BB44E = {
			isa = PBXGroup;
			children = (
				D7982B592646DE97002BB44E /* Shibaa */,
				D7982B732646DE98002BB44E /* ShibaaTests */,
				D7982B7E2646DE98002BB44E /* ShibaaUITests */,
				D7982B582646DE97002BB44E /* Products */,
			);
			sourceTree = "<group>";
		};
		D7982B582646DE97002BB44E /* Products */ = {
			isa = PBXGroup;
			children = (
				D7982B572646DE97002BB44E /* Shibaa.app */,
				D7982B702646DE98002BB44E /* ShibaaTests.xctest */,
				D7982B7B2646DE98002BB44E /* ShibaaUITests.xctest */,
			);
			name = Products;
			sourceTree = "<group>";
		};
		D7982B592646DE97002BB44E /* Shibaa */ = {
			isa = PBXGroup;
			children = (
				D7982B602646DE97002BB44E /* Main.storyboard */,
				D7982B5A2646DE97002BB44E /* AppDelegate.swift */,
				D7982B5C2646DE97002BB44E /* SceneDelegate.swift */,
				D717D297264C166A008D8909 /* AddNewItem.swift */,
				D7982B982646DF45002BB44E /* MainView.swift */,
				D717D29C264C4771008D8909 /* ChartView.swift */,
				D717D2AF264C4A27008D8909 /* SubscriptionCell.swift */,
				D717D2BC264C6C38008D8909 /* Data.swift */,
				D7982B662646DE98002BB44E /* Assets.xcassets */,
				D7982B682646DE98002BB44E /* LaunchScreen.storyboard */,
				D7982B6B2646DE98002BB44E /* Info.plist */,
				D7982B632646DE97002BB44E /* Shibaa.xcdatamodeld */,
				D717D2B4264C4BB0008D8909 /* WelcomeView.swift */,
			);
			path = Shibaa;
			sourceTree = "<group>";
		};
		D7982B732646DE98002BB44E /* ShibaaTests */ = {
			isa = PBXGroup;
			children = (
				D7982B742646DE98002BB44E /* ShibaaTests.swift */,
				D7982B762646DE98002BB44E /* Info.plist */,
			);
			path = ShibaaTests;
			sourceTree = "<group>";
		};
		D7982B7E2646DE98002BB44E /* ShibaaUITests */ = {
			isa = PBXGroup;
			children = (
				D7982B7F2646DE98002BB44E /* ShibaaUITests.swift */,
				D7982B812646DE98002BB44E /* Info.plist */,
			);
			path = ShibaaUITests;
			sourceTree = "<group>";
		};
/* End PBXGroup section */

/* Begin PBXNativeTarget section */
		D7982B562646DE97002BB44E /* Shibaa */ = {
			isa = PBXNativeTarget;
			buildConfigurationList = D7982B842646DE98002BB44E /* Build configuration list for PBXNativeTarget "Shibaa" */;
			buildPhases = (
				D7982B532646DE97002BB44E /* Sources */,
				D7982B542646DE97002BB44E /* Frameworks */,
				D7982B552646DE97002BB44E /* Resources */,
			);
			buildRules = (
			);
			dependencies = (
			);
			name = Shibaa;
			productName = Shibaa;
			productReference = D7982B572646DE97002BB44E /* Shibaa.app */;
			productType = "com.apple.product-type.application";
		};
		D7982B6F2646DE98002BB44E /* ShibaaTests */ = {
			isa = PBXNativeTarget;
			buildConfigurationList = D7982B872646DE98002BB44E /* Build configuration list for PBXNativeTarget "ShibaaTests" */;
			buildPhases = (
				D7982B6C2646DE98002BB44E /* Sources */,
				D7982B6D2646DE98002BB44E /* Frameworks */,
				D7982B6E2646DE98002BB44E /* Resources */,
			);
			buildRules = (
			);
			dependencies = (
				D7982B722646DE98002BB44E /* PBXTargetDependency */,
			);
			name = ShibaaTests;
			productName = ShibaaTests;
			productReference = D7982B702646DE98002BB44E /* ShibaaTests.xctest */;
			productType = "com.apple.product-type.bundle.unit-test";
		};
		D7982B7A2646DE98002BB44E /* ShibaaUITests */ = {
			isa = PBXNativeTarget;
			buildConfigurationList = D7982B8A2646DE98002BB44E /* Build configuration list for PBXNativeTarget "ShibaaUITests" */;
			buildPhases = (
				D7982B772646DE98002BB44E /* Sources */,
				D7982B782646DE98002BB44E /* Frameworks */,
				D7982B792646DE98002BB44E /* Resources */,
			);
			buildRules = (
			);
			dependencies = (
				D7982B7D2646DE98002BB44E /* PBXTargetDependency */,
			);
			name = ShibaaUITests;
			productName = ShibaaUITests;
			productReference = D7982B7B2646DE98002BB44E /* ShibaaUITests.xctest */;
			productType = "com.apple.product-type.bundle.ui-testing";
		};
/* End PBXNativeTarget section */

/* Begin PBXProject section */
		D7982B4F2646DE97002BB44E /* Project object */ = {
			isa = PBXProject;
			attributes = {
				LastSwiftUpdateCheck = 1240;
				LastUpgradeCheck = 1240;
				TargetAttributes = {
					D7982B562646DE97002BB44E = {
						CreatedOnToolsVersion = 12.4;
					};
					D7982B6F2646DE98002BB44E = {
						CreatedOnToolsVersion = 12.4;
						TestTargetID = D7982B562646DE97002BB44E;
					};
					D7982B7A2646DE98002BB44E = {
						CreatedOnToolsVersion = 12.4;
						TestTargetID = D7982B562646DE97002BB44E;
					};
				};
			};
			buildConfigurationList = D7982B522646DE97002BB44E /* Build configuration list for PBXProject "Shibaa" */;
			compatibilityVersion = "Xcode 9.3";
			developmentRegion = en;
			hasScannedForEncodings = 0;
			knownRegions = (
				en,
				Base,
			);
			mainGroup = D7982B4E2646DE97002BB44E;
			productRefGroup = D7982B582646DE97002BB44E /* Products */;
			projectDirPath = "";
			projectRoot = "";
			targets = (
				D7982B562646DE97002BB44E /* Shibaa */,
				D7982B6F2646DE98002BB44E /* ShibaaTests */,
				D7982B7A2646DE98002BB44E /* ShibaaUITests */,
			);
		};
/* End PBXProject section */

/* Begin PBXResourcesBuildPhase section */
		D7982B552646DE97002BB44E /* Resources */ = {
			isa = PBXResourcesBuildPhase;
			buildActionMask = 2147483647;
			files = (
				D7982B6A2646DE98002BB44E /* LaunchScreen.storyboard in Resources */,
				D7982B672646DE98002BB44E /* Assets.xcassets in Resources */,
				D7982B622646DE97002BB44E /* Main.storyboard in Resources */,
			);
			runOnlyForDeploymentPostprocessing = 0;
		};
		D7982B6E2646DE98002BB44E /* Resources */ = {
			isa = PBXResourcesBuildPhase;
			buildActionMask = 2147483647;
			files = (
			);
			runOnlyForDeploymentPostprocessing = 0;
		};
		D7982B792646DE98002BB44E /* Resources */ = {
			isa = PBXResourcesBuildPhase;
			buildActionMask = 2147483647;
			files = (
			);
			runOnlyForDeploymentPostprocessing = 0;
		};
/* End PBXResourcesBuildPhase section */

/* Begin PBXSourcesBuildPhase section */
		D7982B532646DE97002BB44E /* Sources */ = {
			isa = PBXSourcesBuildPhase;
			buildActionMask = 2147483647;
			files = (
				D717D298264C166A008D8909 /* AddNewItem.swift in Sources */,
				D7982B5B2646DE97002BB44E /* AppDelegate.swift in Sources */,
				D717D2B0264C4A27008D8909 /* SubscriptionCell.swift in Sources */,
				D717D2B5264C4BB0008D8909 /* WelcomeView.swift in Sources */,
				D7982B5D2646DE97002BB44E /* SceneDelegate.swift in Sources */,
				D7982B992646DF45002BB44E /* MainView.swift in Sources */,
				D7982B652646DE97002BB44E /* Shibaa.xcdatamodeld in Sources */,
				D717D2BD264C6C38008D8909 /* Data.swift in Sources */,
				D717D29D264C4771008D8909 /* ChartView.swift in Sources */,
			);
			runOnlyForDeploymentPostprocessing = 0;
		};
		D7982B6C2646DE98002BB44E /* Sources */ = {
			isa = PBXSourcesBuildPhase;
			buildActionMask = 2147483647;
			files = (
				D7982B752646DE98002BB44E /* ShibaaTests.swift in Sources */,
			);
			runOnlyForDeploymentPostprocessing = 0;
		};
		D7982B772646DE98002BB44E /* Sources */ = {
			isa = PBXSourcesBuildPhase;
			buildActionMask = 2147483647;
			files = (
				D7982B802646DE98002BB44E /* ShibaaUITests.swift in Sources */,
			);
			runOnlyForDeploymentPostprocessing = 0;
		};
/* End PBXSourcesBuildPhase section */

/* Begin PBXTargetDependency section */
		D7982B722646DE98002BB44E /* PBXTargetDependency */ = {
			isa = PBXTargetDependency;
			target = D7982B562646DE97002BB44E /* Shibaa */;
			targetProxy = D7982B712646DE98002BB44E /* PBXContainerItemProxy */;
		};
		D7982B7D2646DE98002BB44E /* PBXTargetDependency */ = {
			isa = PBXTargetDependency;
			target = D7982B562646DE97002BB44E /* Shibaa */;
			targetProxy = D7982B7C2646DE98002BB44E /* PBXContainerItemProxy */;
		};
/* End PBXTargetDependency section */

/* Begin PBXVariantGroup section */
		D7982B602646DE97002BB44E /* Main.storyboard */ = {
			isa = PBXVariantGroup;
			children = (
				D7982B612646DE97002BB44E /* Base */,
			);
			name = Main.storyboard;
			sourceTree = "<group>";
		};
		D7982B682646DE98002BB44E /* LaunchScreen.storyboard */ = {
			isa = PBXVariantGroup;
			children = (
				D7982B692646DE98002BB44E /* Base */,
			);
			name = LaunchScreen.storyboard;
			sourceTree = "<group>";
		};
/* End PBXVariantGroup section */

/* Begin XCBuildConfiguration section */
		D7982B822646DE98002BB44E /* Debug */ = {
			isa = XCBuildConfiguration;
			buildSettings = {
				ALWAYS_SEARCH_USER_PATHS = NO;
				CLANG_ANALYZER_NONNULL = YES;
				CLANG_ANALYZER_NUMBER_OBJECT_CONVERSION = YES_AGGRESSIVE;
				CLANG_CXX_LANGUAGE_STANDARD = "gnu++14";
				CLANG_CXX_LIBRARY = "libc++";
				CLANG_ENABLE_MODULES = YES;
				CLANG_ENABLE_OBJC_ARC = YES;
				CLANG_ENABLE_OBJC_WEAK = YES;
				CLANG_WARN_BLOCK_CAPTURE_AUTORELEASING = YES;
				CLANG_WARN_BOOL_CONVERSION = YES;
				CLANG_WARN_COMMA = YES;
				CLANG_WARN_CONSTANT_CONVERSION = YES;
				CLANG_WARN_DEPRECATED_OBJC_IMPLEMENTATIONS = YES;
				CLANG_WARN_DIRECT_OBJC_ISA_USAGE = YES_ERROR;
				CLANG_WARN_DOCUMENTATION_COMMENTS = YES;
				CLANG_WARN_EMPTY_BODY = YES;
				CLANG_WARN_ENUM_CONVERSION = YES;
				CLANG_WARN_INFINITE_RECURSION = YES;
				CLANG_WARN_INT_CONVERSION = YES;
				CLANG_WARN_NON_LITERAL_NULL_CONVERSION = YES;
				CLANG_WARN_OBJC_IMPLICIT_RETAIN_SELF = YES;
				CLANG_WARN_OBJC_LITERAL_CONVERSION = YES;
				CLANG_WARN_OBJC_ROOT_CLASS = YES_ERROR;
				CLANG_WARN_QUOTED_INCLUDE_IN_FRAMEWORK_HEADER = YES;
				CLANG_WARN_RANGE_LOOP_ANALYSIS = YES;
				CLANG_WARN_STRICT_PROTOTYPES = YES;
				CLANG_WARN_SUSPICIOUS_MOVE = YES;
				CLANG_WARN_UNGUARDED_AVAILABILITY = YES_AGGRESSIVE;
				CLANG_WARN_UNREACHABLE_CODE = YES;
				CLANG_WARN__DUPLICATE_METHOD_MATCH = YES;
				COPY_PHASE_STRIP = NO;
				DEBUG_INFORMATION_FORMAT = dwarf;
				ENABLE_STRICT_OBJC_MSGSEND = YES;
				ENABLE_TESTABILITY = YES;
				GCC_C_LANGUAGE_STANDARD = gnu11;
				GCC_DYNAMIC_NO_PIC = NO;
				GCC_NO_COMMON_BLOCKS = YES;
				GCC_OPTIMIZATION_LEVEL = 0;
				GCC_PREPROCESSOR_DEFINITIONS = (
					"DEBUG=1",
					"$(inherited)",
				);
				GCC_WARN_64_TO_32_BIT_CONVERSION = YES;
				GCC_WARN_ABOUT_RETURN_TYPE = YES_ERROR;
				GCC_WARN_UNDECLARED_SELECTOR = YES;
				GCC_WARN_UNINITIALIZED_AUTOS = YES_AGGRESSIVE;
				GCC_WARN_UNUSED_FUNCTION = YES;
				GCC_WARN_UNUSED_VARIABLE = YES;
				IPHONEOS_DEPLOYMENT_TARGET = 14.4;
				MTL_ENABLE_DEBUG_INFO = INCLUDE_SOURCE;
				MTL_FAST_MATH = YES;
				ONLY_ACTIVE_ARCH = YES;
				SDKROOT = iphoneos;
				SWIFT_ACTIVE_COMPILATION_CONDITIONS = DEBUG;
				SWIFT_OPTIMIZATION_LEVEL = "-Onone";
			};
			name = Debug;
		};
		D7982B832646DE98002BB44E /* Release */ = {
			isa = XCBuildConfiguration;
			buildSettings = {
				ALWAYS_SEARCH_USER_PATHS = NO;
				CLANG_ANALYZER_NONNULL = YES;
				CLANG_ANALYZER_NUMBER_OBJECT_CONVERSION = YES_AGGRESSIVE;
				CLANG_CXX_LANGUAGE_STANDARD = "gnu++14";
				CLANG_CXX_LIBRARY = "libc++";
				CLANG_ENABLE_MODULES = YES;
				CLANG_ENABLE_OBJC_ARC = YES;
				CLANG_ENABLE_OBJC_WEAK = YES;
				CLANG_WARN_BLOCK_CAPTURE_AUTORELEASING = YES;
				CLANG_WARN_BOOL_CONVERSION = YES;
				CLANG_WARN_COMMA = YES;
				CLANG_WARN_CONSTANT_CONVERSION = YES;
				CLANG_WARN_DEPRECATED_OBJC_IMPLEMENTATIONS = YES;
				CLANG_WARN_DIRECT_OBJC_ISA_USAGE = YES_ERROR;
				CLANG_WARN_DOCUMENTATION_COMMENTS = YES;
				CLANG_WARN_EMPTY_BODY = YES;
				CLANG_WARN_ENUM_CONVERSION = YES;
				CLANG_WARN_INFINITE_RECURSION = YES;
				CLANG_WARN_INT_CONVERSION = YES;
				CLANG_WARN_NON_LITERAL_NULL_CONVERSION = YES;
				CLANG_WARN_OBJC_IMPLICIT_RETAIN_SELF = YES;
				CLANG_WARN_OBJC_LITERAL_CONVERSION = YES;
				CLANG_WARN_OBJC_ROOT_CLASS = YES_ERROR;
				CLANG_WARN_QUOTED_INCLUDE_IN_FRAMEWORK_HEADER = YES;
				CLANG_WARN_RANGE_LOOP_ANALYSIS = YES;
				CLANG_WARN_STRICT_PROTOTYPES = YES;
				CLANG_WARN_SUSPICIOUS_MOVE = YES;
				CLANG_WARN_UNGUARDED_AVAILABILITY = YES_AGGRESSIVE;
				CLANG_WARN_UNREACHABLE_CODE = YES;
				CLANG_WARN__DUPLICATE_METHOD_MATCH = YES;
				COPY_PHASE_STRIP = NO;
				DEBUG_INFORMATION_FORMAT = "dwarf-with-dsym";
				ENABLE_NS_ASSERTIONS = NO;
				ENABLE_STRICT_OBJC_MSGSEND = YES;
				GCC_C_LANGUAGE_STANDARD = gnu11;
				GCC_NO_COMMON_BLOCKS = YES;
				GCC_WARN_64_TO_32_BIT_CONVERSION = YES;
				GCC_WARN_ABOUT_RETURN_TYPE = YES_ERROR;
				GCC_WARN_UNDECLARED_SELECTOR = YES;
				GCC_WARN_UNINITIALIZED_AUTOS = YES_AGGRESSIVE;
				GCC_WARN_UNUSED_FUNCTION = YES;
				GCC_WARN_UNUSED_VARIABLE = YES;
				IPHONEOS_DEPLOYMENT_TARGET = 14.4;
				MTL_ENABLE_DEBUG_INFO = NO;
				MTL_FAST_MATH = YES;
				SDKROOT = iphoneos;
				SWIFT_COMPILATION_MODE = wholemodule;
				SWIFT_OPTIMIZATION_LEVEL = "-O";
				VALIDATE_PRODUCT = YES;
			};
			name = Release;
		};
		D7982B852646DE98002BB44E /* Debug */ = {
			isa = XCBuildConfiguration;
			buildSettings = {
				ASSETCATALOG_COMPILER_APPICON_NAME = AppIcon;
				ASSETCATALOG_COMPILER_GLOBAL_ACCENT_COLOR_NAME = AccentColor;
				CODE_SIGN_STYLE = Automatic;
				INFOPLIST_FILE = Shibaa/Info.plist;
				LD_RUNPATH_SEARCH_PATHS = (
					"$(inherited)",
					"@executable_path/Frameworks",
				);
				PRODUCT_BUNDLE_IDENTIFIER = com.michalriske.Shibaa;
				PRODUCT_NAME = "$(TARGET_NAME)";
				SWIFT_VERSION = 5.0;
				TARGETED_DEVICE_FAMILY = "1,2";
			};
			name = Debug;
		};
		D7982B862646DE98002BB44E /* Release */ = {
			isa = XCBuildConfiguration;
			buildSettings = {
				ASSETCATALOG_COMPILER_APPICON_NAME = AppIcon;
				ASSETCATALOG_COMPILER_GLOBAL_ACCENT_COLOR_NAME = AccentColor;
				CODE_SIGN_STYLE = Automatic;
				INFOPLIST_FILE = Shibaa/Info.plist;
				LD_RUNPATH_SEARCH_PATHS = (
					"$(inherited)",
					"@executable_path/Frameworks",
				);
				PRODUCT_BUNDLE_IDENTIFIER = com.michalriske.Shibaa;
				PRODUCT_NAME = "$(TARGET_NAME)";
				SWIFT_VERSION = 5.0;
				TARGETED_DEVICE_FAMILY = "1,2";
			};
			name = Release;
		};
		D7982B882646DE98002BB44E /* Debug */ = {
			isa = XCBuildConfiguration;
			buildSettings = {
				ALWAYS_EMBED_SWIFT_STANDARD_LIBRARIES = YES;
				BUNDLE_LOADER = "$(TEST_HOST)";
				CODE_SIGN_STYLE = Automatic;
				INFOPLIST_FILE = ShibaaTests/Info.plist;
				IPHONEOS_DEPLOYMENT_TARGET = 14.4;
				LD_RUNPATH_SEARCH_PATHS = (
					"$(inherited)",
					"@executable_path/Frameworks",
					"@loader_path/Frameworks",
				);
				PRODUCT_BUNDLE_IDENTIFIER = com.michalriske.ShibaaTests;
				PRODUCT_NAME = "$(TARGET_NAME)";
				SWIFT_VERSION = 5.0;
				TARGETED_DEVICE_FAMILY = "1,2";
				TEST_HOST = "$(BUILT_PRODUCTS_DIR)/Shibaa.app/Shibaa";
			};
			name = Debug;
		};
		D7982B892646DE98002BB44E /* Release */ = {
			isa = XCBuildConfiguration;
			buildSettings = {
				ALWAYS_EMBED_SWIFT_STANDARD_LIBRARIES = YES;
				BUNDLE_LOADER = "$(TEST_HOST)";
				CODE_SIGN_STYLE = Automatic;
				INFOPLIST_FILE = ShibaaTests/Info.plist;
				IPHONEOS_DEPLOYMENT_TARGET = 14.4;
				LD_RUNPATH_SEARCH_PATHS = (
					"$(inherited)",
					"@executable_path/Frameworks",
					"@loader_path/Frameworks",
				);
				PRODUCT_BUNDLE_IDENTIFIER = com.michalriske.ShibaaTests;
				PRODUCT_NAME = "$(TARGET_NAME)";
				SWIFT_VERSION = 5.0;
				TARGETED_DEVICE_FAMILY = "1,2";
				TEST_HOST = "$(BUILT_PRODUCTS_DIR)/Shibaa.app/Shibaa";
			};
			name = Release;
		};
		D7982B8B2646DE98002BB44E /* Debug */ = {
			isa = XCBuildConfiguration;
			buildSettings = {
				ALWAYS_EMBED_SWIFT_STANDARD_LIBRARIES = YES;
				CODE_SIGN_STYLE = Automatic;
				INFOPLIST_FILE = ShibaaUITests/Info.plist;
				LD_RUNPATH_SEARCH_PATHS = (
					"$(inherited)",
					"@executable_path/Frameworks",
					"@loader_path/Frameworks",
				);
				PRODUCT_BUNDLE_IDENTIFIER = com.michalriske.ShibaaUITests;
				PRODUCT_NAME = "$(TARGET_NAME)";
				SWIFT_VERSION = 5.0;
				TARGETED_DEVICE_FAMILY = "1,2";
				TEST_TARGET_NAME = Shibaa;
			};
			name = Debug;
		};
		D7982B8C2646DE98002BB44E /* Release */ = {
			isa = XCBuildConfiguration;
			buildSettings = {
				ALWAYS_EMBED_SWIFT_STANDARD_LIBRARIES = YES;
				CODE_SIGN_STYLE = Automatic;
				INFOPLIST_FILE = ShibaaUITests/Info.plist;
				LD_RUNPATH_SEARCH_PATHS = (
					"$(inherited)",
					"@executable_path/Frameworks",
					"@loader_path/Frameworks",
				);
				PRODUCT_BUNDLE_IDENTIFIER = com.michalriske.ShibaaUITests;
				PRODUCT_NAME = "$(TARGET_NAME)";
				SWIFT_VERSION = 5.0;
				TARGETED_DEVICE_FAMILY = "1,2";
				TEST_TARGET_NAME = Shibaa;
			};
			name = Release;
		};
/* End XCBuildConfiguration section */

/* Begin XCConfigurationList section */
		D7982B522646DE97002BB44E /* Build configuration list for PBXProject "Shibaa" */ = {
			isa = XCConfigurationList;
			buildConfigurations = (
				D7982B822646DE98002BB44E /* Debug */,
				D7982B832646DE98002BB44E /* Release */,
			);
			defaultConfigurationIsVisible = 0;
			defaultConfigurationName = Release;
		};
		D7982B842646DE98002BB44E /* Build configuration list for PBXNativeTarget "Shibaa" */ = {
			isa = XCConfigurationList;
			buildConfigurations = (
				D7982B852646DE98002BB44E /* Debug */,
				D7982B862646DE98002BB44E /* Release */,
			);
			defaultConfigurationIsVisible = 0;
			defaultConfigurationName = Release;
		};
		D7982B872646DE98002BB44E /* Build configuration list for PBXNativeTarget "ShibaaTests" */ = {
			isa = XCConfigurationList;
			buildConfigurations = (
				D7982B882646DE98002BB44E /* Debug */,
				D7982B892646DE98002BB44E /* Release */,
			);
			defaultConfigurationIsVisible = 0;
			defaultConfigurationName = Release;
		};
		D7982B8A2646DE98002BB44E /* Build configuration list for PBXNativeTarget "ShibaaUITests" */ = {
			isa = XCConfigurationList;
			buildConfigurations = (
				D7982B8B2646DE98002BB44E /* Debug */,
				D7982B8C2646DE98002BB44E /* Release */,
			);
			defaultConfigurationIsVisible = 0;
			defaultConfigurationName = Release;
		};
/* End XCConfigurationList section */

/* Begin XCVersionGroup section */
		D7982B632646DE97002BB44E /* Shibaa.xcdatamodeld */ = {
			isa = XCVersionGroup;
			children = (
				D7982B642646DE97002BB44E /* Shibaa.xcdatamodel */,
			);
			currentVersion = D7982B642646DE97002BB44E /* Shibaa.xcdatamodel */;
			path = Shibaa.xcdatamodeld;
			sourceTree = "<group>";
			versionGroupType = wrapper.xcdatamodel;
		};
/* End XCVersionGroup section */
	};
	rootObject = D7982B4F2646DE97002BB44E /* Project object */;
}
